
Microsoft Visual Studio Solution File, Format Version 12.00
# Visual Studio 15
VisualStudioVersion = 15.0.26124.0
MinimumVisualStudioVersion = 15.0.26124.0
Project("{FAE04EC0-301F-11D3-BF4B-00C04F79EFBC}") = "API", "API\API.csproj", "{8ABF5A42-90E3-4F2E-B832-AD2092170F71}"
EndProject
Project("{FAE04EC0-301F-11D3-BF4B-00C04F79EFBC}") = "Core", "Core\Core.csproj", "{F41C967D-9C8C-4AD8-B640-F69051660700}"
EndProject
Project("{FAE04EC0-301F-11D3-BF4B-00C04F79EFBC}") = "Infrastructure", "Infrastructure\Infrastructure.csproj", "{863B60C2-E2B3-4C64-9A6F-6EB9BED752B8}"
EndProject
Global
	GlobalSection(SolutionConfigurationPlatforms) = preSolution
		Debug|Any CPU = Debug|Any CPU
		Debug|x64 = Debug|x64
		Debug|x86 = Debug|x86
		Release|Any CPU = Release|Any CPU
		Release|x64 = Release|x64
		Release|x86 = Release|x86
	EndGlobalSection
	GlobalSection(SolutionProperties) = preSolution
		HideSolutionNode = FALSE
	EndGlobalSection
	GlobalSection(ProjectConfigurationPlatforms) = postSolution
		{8ABF5A42-90E3-4F2E-B832-AD2092170F71}.Debug|Any CPU.ActiveCfg = Debug|Any CPU
		{8ABF5A42-90E3-4F2E-B832-AD2092170F71}.Debug|Any CPU.Build.0 = Debug|Any CPU
		{8ABF5A42-90E3-4F2E-B832-AD2092170F71}.Debug|x64.ActiveCfg = Debug|Any CPU
		{8ABF5A42-90E3-4F2E-B832-AD2092170F71}.Debug|x64.Build.0 = Debug|Any CPU
		{8ABF5A42-90E3-4F2E-B832-AD2092170F71}.Debug|x86.ActiveCfg = Debug|Any CPU
		{8ABF5A42-90E3-4F2E-B832-AD2092170F71}.Debug|x86.Build.0 = Debug|Any CPU
		{8ABF5A42-90E3-4F2E-B832-AD2092170F71}.Release|Any CPU.ActiveCfg = Release|Any CPU
		{8ABF5A42-90E3-4F2E-B832-AD2092170F71}.Release|Any CPU.Build.0 = Release|Any CPU
		{8ABF5A42-90E3-4F2E-B832-AD2092170F71}.Release|x64.ActiveCfg = Release|Any CPU
		{8ABF5A42-90E3-4F2E-B832-AD2092170F71}.Release|x64.Build.0 = Release|Any CPU
		{8ABF5A42-90E3-4F2E-B832-AD2092170F71}.Release|x86.ActiveCfg = Release|Any CPU
		{8ABF5A42-90E3-4F2E-B832-AD2092170F71}.Release|x86.Build.0 = Release|Any CPU
		{F41C967D-9C8C-4AD8-B640-F69051660700}.Debug|Any CPU.ActiveCfg = Debug|Any CPU
		{F41C967D-9C8C-4AD8-B640-F69051660700}.Debug|Any CPU.Build.0 = Debug|Any CPU
		{F41C967D-9C8C-4AD8-B640-F69051660700}.Debug|x64.ActiveCfg = Debug|Any CPU
		{F41C967D-9C8C-4AD8-B640-F69051660700}.Debug|x64.Build.0 = Debug|Any CPU
		{F41C967D-9C8C-4AD8-B640-F69051660700}.Debug|x86.ActiveCfg = Debug|Any CPU
		{F41C967D-9C8C-4AD8-B640-F69051660700}.Debug|x86.Build.0 = Debug|Any CPU
		{F41C967D-9C8C-4AD8-B640-F69051660700}.Release|Any CPU.ActiveCfg = Release|Any CPU
		{F41C967D-9C8C-4AD8-B640-F69051660700}.Release|Any CPU.Build.0 = Release|Any CPU
		{F41C967D-9C8C-4AD8-B640-F69051660700}.Release|x64.ActiveCfg = Release|Any CPU
		{F41C967D-9C8C-4AD8-B640-F69051660700}.Release|x64.Build.0 = Release|Any CPU
		{F41C967D-9C8C-4AD8-B640-F69051660700}.Release|x86.ActiveCfg = Release|Any CPU
		{F41C967D-9C8C-4AD8-B640-F69051660700}.Release|x86.Build.0 = Release|Any CPU
		{863B60C2-E2B3-4C64-9A6F-6EB9BED752B8}.Debug|Any CPU.ActiveCfg = Debug|Any CPU
		{863B60C2-E2B3-4C64-9A6F-6EB9BED752B8}.Debug|Any CPU.Build.0 = Debug|Any CPU
		{863B60C2-E2B3-4C64-9A6F-6EB9BED752B8}.Debug|x64.ActiveCfg = Debug|Any CPU
		{863B60C2-E2B3-4C64-9A6F-6EB9BED752B8}.Debug|x64.Build.0 = Debug|Any CPU
		{863B60C2-E2B3-4C64-9A6F-6EB9BED752B8}.Debug|x86.ActiveCfg = Debug|Any CPU
		{863B60C2-E2B3-4C64-9A6F-6EB9BED752B8}.Debug|x86.Build.0 = Debug|Any CPU
		{863B60C2-E2B3-4C64-9A6F-6EB9BED752B8}.Release|Any CPU.ActiveCfg = Release|Any CPU
		{863B60C2-E2B3-4C64-9A6F-6EB9BED752B8}.Release|Any CPU.Build.0 = Release|Any CPU
		{863B60C2-E2B3-4C64-9A6F-6EB9BED752B8}.Release|x64.ActiveCfg = Release|Any CPU
		{863B60C2-E2B3-4C64-9A6F-6EB9BED752B8}.Release|x64.Build.0 = Release|Any CPU
		{863B60C2-E2B3-4C64-9A6F-6EB9BED752B8}.Release|x86.ActiveCfg = Release|Any CPU
		{863B60C2-E2B3-4C64-9A6F-6EB9BED752B8}.Release|x86.Build.0 = Release|Any CPU
	EndGlobalSection
EndGlobal
